Microsoft Visual Studio Solution File, Format Version 12.00
# Visual Studio Version 17
VisualStudioVersion = 17.5.2.0
MinimumVisualStudioVersion = 10.0.40219.1
Project("{FAE04EC0-301F-11D3-BF4B-00C04F79EFBC}") = "ECommerceApp.API", "ECommerceApp.API.csproj", "{F5B8EB5A-6888-27F6-9D23-D1666EBDDEE7}"
EndProject
Global
	GlobalSection(SolutionConfigurationPlatforms) = preSolution
		Debug|Any CPU = Debug|Any CPU
		Release|Any CPU = Release|Any CPU
	EndGlobalSection
	GlobalSection(ProjectConfigurationPlatforms) = postSolution
		{F5B8EB5A-6888-27F6-9D23-D1666EBDDEE7}.Debug|Any CPU.ActiveCfg = Debug|Any CPU
		{F5B8EB5A-6888-27F6-9D23-D1666EBDDEE7}.Debug|Any CPU.Build.0 = Debug|Any CPU
		{F5B8EB5A-6888-27F6-9D23-D1666EBDDEE7}.Release|Any CPU.ActiveCfg = Release|Any CPU
		{F5B8EB5A-6888-27F6-9D23-D1666EBDDEE7}.Release|Any CPU.Build.0 = Release|Any CPU
	EndGlobalSection
	GlobalSection(SolutionProperties) = preSolution
		HideSolutionNode = FALSE
	EndGlobalSection
	GlobalSection(ExtensibilityGlobals) = postSolution
		SolutionGuid = {DF828D8F-1A1C-44FA-874F-B6E1C84950B8}
	EndGlobalSection
EndGlobal
